
Microsoft Visual Studio Solution File, Format Version 12.00
# Visual Studio 2015
Project("{FAE04EC0-301F-11D3-BF4B-00C04F79EFBC}") = "UnityBomber", "UnityBomber.csproj", "{D37A3807-A79E-9B39-803E-9909FF2F3E12}"
EndProject
Global
	GlobalSection(SolutionConfigurationPlatforms) = preSolution
		Debug|Any CPU = Debug|Any CPU
		Release|Any CPU = Release|Any CPU
	EndGlobalSection
	GlobalSection(ProjectConfigurationPlatforms) = postSolution
		{D37A3807-A79E-9B39-803E-9909FF2F3E12}.Debug|Any CPU.ActiveCfg = Debug|Any CPU
		{D37A3807-A79E-9B39-803E-9909FF2F3E12}.Debug|Any CPU.Build.0 = Debug|Any CPU
		{D37A3807-A79E-9B39-803E-9909FF2F3E12}.Release|Any CPU.ActiveCfg = Release|Any CPU
		{D37A3807-A79E-9B39-803E-9909FF2F3E12}.Release|Any CPU.Build.0 = Release|Any CPU
	EndGlobalSection
	GlobalSection(SolutionProperties) = preSolution
		HideSolutionNode = FALSE
	EndGlobalSection
EndGlobal
